
Microsoft Visual Studio Solution File, Format Version 12.00
# Visual Studio Version 17
VisualStudioVersion = 17.7.34003.232
MinimumVisualStudioVersion = 10.0.40219.1
Project("{FAE04EC0-301F-11D3-BF4B-00C04F79EFBC}") = "Licores", "Licores\Licores.csproj", "{B18488AA-55F8-4128-84B3-8D42173192F5}"
EndProject
Global
	GlobalSection(SolutionConfigurationPlatforms) = preSolution
		Debug|Any CPU = Debug|Any CPU
		Release|Any CPU = Release|Any CPU
	EndGlobalSection
	GlobalSection(ProjectConfigurationPlatforms) = postSolution
		{B18488AA-55F8-4128-84B3-8D42173192F5}.Debug|Any CPU.ActiveCfg = Debug|Any CPU
		{B18488AA-55F8-4128-84B3-8D42173192F5}.Debug|Any CPU.Build.0 = Debug|Any CPU
		{B18488AA-55F8-4128-84B3-8D42173192F5}.Release|Any CPU.ActiveCfg = Release|Any CPU
		{B18488AA-55F8-4128-84B3-8D42173192F5}.Release|Any CPU.Build.0 = Release|Any CPU
	EndGlobalSection
	GlobalSection(SolutionProperties) = preSolution
		HideSolutionNode = FALSE
	EndGlobalSection
	GlobalSection(ExtensibilityGlobals) = postSolution
		SolutionGuid = {73E8B9BB-265B-4F08-856E-460F2AC29ACB}
	EndGlobalSection
EndGlobal
